
Microsoft Visual Studio Solution File, Format Version 12.00
# Visual Studio Version 17
VisualStudioVersion = 17.5.33627.172
MinimumVisualStudioVersion = 10.0.40219.1
Project("{9A19103F-16F7-4668-BE54-9A1E7A4F7556}") = "Asm2_PetShop", "Asm2_PetShop\Asm2_PetShop.csproj", "{C9B060A4-0CCC-418C-A081-3CA8E59EE51A}"
EndProject
Project("{9A19103F-16F7-4668-BE54-9A1E7A4F7556}") = "Object", "Object\Object.csproj", "{F61F749C-CDBE-49CE-95EA-3D2469F1FF37}"
EndProject
Project("{9A19103F-16F7-4668-BE54-9A1E7A4F7556}") = "Repository", "Repository\Repository.csproj", "{7192C525-7BBE-4F3F-A391-814885876F08}"
EndProject
Global
	GlobalSection(SolutionConfigurationPlatforms) = preSolution
		Debug|Any CPU = Debug|Any CPU
		Release|Any CPU = Release|Any CPU
	EndGlobalSection
	GlobalSection(ProjectConfigurationPlatforms) = postSolution
		{C9B060A4-0CCC-418C-A081-3CA8E59EE51A}.Debug|Any CPU.ActiveCfg = Debug|Any CPU
		{C9B060A4-0CCC-418C-A081-3CA8E59EE51A}.Debug|Any CPU.Build.0 = Debug|Any CPU
		{C9B060A4-0CCC-418C-A081-3CA8E59EE51A}.Release|Any CPU.ActiveCfg = Release|Any CPU
		{C9B060A4-0CCC-418C-A081-3CA8E59EE51A}.Release|Any CPU.Build.0 = Release|Any CPU
		{F61F749C-CDBE-49CE-95EA-3D2469F1FF37}.Debug|Any CPU.ActiveCfg = Debug|Any CPU
		{F61F749C-CDBE-49CE-95EA-3D2469F1FF37}.Debug|Any CPU.Build.0 = Debug|Any CPU
		{F61F749C-CDBE-49CE-95EA-3D2469F1FF37}.Release|Any CPU.ActiveCfg = Release|Any CPU
		{F61F749C-CDBE-49CE-95EA-3D2469F1FF37}.Release|Any CPU.Build.0 = Release|Any CPU
		{7192C525-7BBE-4F3F-A391-814885876F08}.Debug|Any CPU.ActiveCfg = Debug|Any CPU
		{7192C525-7BBE-4F3F-A391-814885876F08}.Debug|Any CPU.Build.0 = Debug|Any CPU
		{7192C525-7BBE-4F3F-A391-814885876F08}.Release|Any CPU.ActiveCfg = Release|Any CPU
		{7192C525-7BBE-4F3F-A391-814885876F08}.Release|Any CPU.Build.0 = Release|Any CPU
	EndGlobalSection
	GlobalSection(SolutionProperties) = preSolution
		HideSolutionNode = FALSE
	EndGlobalSection
	GlobalSection(ExtensibilityGlobals) = postSolution
		SolutionGuid = {FFC14CBC-DEEA-43E6-B065-42CF52EC3F35}
	EndGlobalSection
EndGlobal
